
Microsoft Visual Studio Solution File, Format Version 12.00
# Visual Studio Version 17
VisualStudioVersion = 17.6.33815.320
MinimumVisualStudioVersion = 10.0.40219.1
Project("{9A19103F-16F7-4668-BE54-9A1E7A4F7556}") = "Picture", "WinFormsApp1\Picture.csproj", "{66E962E6-18ED-4EC5-A078-50ED60D46799}"
EndProject
Global
	GlobalSection(SolutionConfigurationPlatforms) = preSolution
		Debug|Any CPU = Debug|Any CPU
		Release|Any CPU = Release|Any CPU
	EndGlobalSection
	GlobalSection(ProjectConfigurationPlatforms) = postSolution
		{66E962E6-18ED-4EC5-A078-50ED60D46799}.Debug|Any CPU.ActiveCfg = Debug|Any CPU
		{66E962E6-18ED-4EC5-A078-50ED60D46799}.Debug|Any CPU.Build.0 = Debug|Any CPU
		{66E962E6-18ED-4EC5-A078-50ED60D46799}.Release|Any CPU.ActiveCfg = Release|Any CPU
		{66E962E6-18ED-4EC5-A078-50ED60D46799}.Release|Any CPU.Build.0 = Release|Any CPU
	EndGlobalSection
	GlobalSection(SolutionProperties) = preSolution
		HideSolutionNode = FALSE
	EndGlobalSection
	GlobalSection(ExtensibilityGlobals) = postSolution
		SolutionGuid = {AFF6852C-2C0A-4B4A-8DE1-14ECFB2E24CC}
	EndGlobalSection
EndGlobal
